
Microsoft Visual Studio Solution File, Format Version 12.00
# Visual Studio 15
VisualStudioVersion = 15.0.28307.421
MinimumVisualStudioVersion = 10.0.40219.1
Project("{FAE04EC0-301F-11D3-BF4B-00C04F79EFBC}") = "Automat_comendant", "Automat_comendant\Automat_comendant.csproj", "{F0D7DD0E-6C06-4BA7-90CC-FDC4621CA54C}"
EndProject
Global
	GlobalSection(SolutionConfigurationPlatforms) = preSolution
		Debug|Any CPU = Debug|Any CPU
		Release|Any CPU = Release|Any CPU
	EndGlobalSection
	GlobalSection(ProjectConfigurationPlatforms) = postSolution
		{F0D7DD0E-6C06-4BA7-90CC-FDC4621CA54C}.Debug|Any CPU.ActiveCfg = Debug|Any CPU
		{F0D7DD0E-6C06-4BA7-90CC-FDC4621CA54C}.Debug|Any CPU.Build.0 = Debug|Any CPU
		{F0D7DD0E-6C06-4BA7-90CC-FDC4621CA54C}.Release|Any CPU.ActiveCfg = Release|Any CPU
		{F0D7DD0E-6C06-4BA7-90CC-FDC4621CA54C}.Release|Any CPU.Build.0 = Release|Any CPU
	EndGlobalSection
	GlobalSection(SolutionProperties) = preSolution
		HideSolutionNode = FALSE
	EndGlobalSection
	GlobalSection(ExtensibilityGlobals) = postSolution
		SolutionGuid = {74D8F1DA-C7A7-4C7D-BBCF-47C7AA92BAB6}
	EndGlobalSection
EndGlobal
